// !$*UTF8*$!
{
	archiveVersion = 1;
	classes = {
	};
	objectVersion = 56;
	objects = {

/* Begin PBXBuildFile section */
		253DEBD32B17702700481ED9 /* UIViewExtensions.swift in Sources */ = {isa = PBXBuildFile; fileRef = 253DEBD22B17702700481ED9 /* UIViewExtensions.swift */; };
		253DEBD52B17751500481ED9 /* MovieTableCellViewModel.swift in Sources */ = {isa = PBXBuildFile; fileRef = 253DEBD42B17751500481ED9 /* MovieTableCellViewModel.swift */; };
		253DEBD82B177CB900481ED9 /* SDWebImage in Frameworks */ = {isa = PBXBuildFile; productRef = 253DEBD72B177CB900481ED9 /* SDWebImage */; };
		255D942B2B15AA9100F8A082 /* MainViewModel.swift in Sources */ = {isa = PBXBuildFile; fileRef = 255D942A2B15AA9100F8A082 /* MainViewModel.swift */; };
		255D942E2B15AE1F00F8A082 /* Moviecell.swift in Sources */ = {isa = PBXBuildFile; fileRef = 255D942C2B15AE1F00F8A082 /* Moviecell.swift */; };
		255D942F2B15AE1F00F8A082 /* Moviecell.xib in Resources */ = {isa = PBXBuildFile; fileRef = 255D942D2B15AE1F00F8A082 /* Moviecell.xib */; };
		25A39BE82B15915000D1BD7B /* AppDelegate.swift in Sources */ = {isa = PBXBuildFile; fileRef = 25A39BE72B15915000D1BD7B /* AppDelegate.swift */; };
		25A39BF12B15915200D1BD7B /* Assets.xcassets in Resources */ = {isa = PBXBuildFile; fileRef = 25A39BF02B15915200D1BD7B /* Assets.xcassets */; };
		25A39BF42B15915200D1BD7B /* LaunchScreen.storyboard in Resources */ = {isa = PBXBuildFile; fileRef = 25A39BF22B15915200D1BD7B /* LaunchScreen.storyboard */; };
		25A39BFF2B15915300D1BD7B /* Trending_MoviesTests.swift in Sources */ = {isa = PBXBuildFile; fileRef = 25A39BFE2B15915300D1BD7B /* Trending_MoviesTests.swift */; };
		25A39C092B15915300D1BD7B /* Trending_MoviesUITests.swift in Sources */ = {isa = PBXBuildFile; fileRef = 25A39C082B15915300D1BD7B /* Trending_MoviesUITests.swift */; };
		25A39C0B2B15915300D1BD7B /* Trending_MoviesUITestsLaunchTests.swift in Sources */ = {isa = PBXBuildFile; fileRef = 25A39C0A2B15915300D1BD7B /* Trending_MoviesUITestsLaunchTests.swift */; };
		25A39C1A2B15950700D1BD7B /* MainViewController.swift in Sources */ = {isa = PBXBuildFile; fileRef = 25A39C182B15950700D1BD7B /* MainViewController.swift */; };
		25A39C1B2B15950700D1BD7B /* MainViewController.xib in Resources */ = {isa = PBXBuildFile; fileRef = 25A39C192B15950700D1BD7B /* MainViewController.xib */; };
		25CCBA042B15ECF10063E4EE /* NetworkConstants.swift in Sources */ = {isa = PBXBuildFile; fileRef = 25CCBA032B15ECF10063E4EE /* NetworkConstants.swift */; };
		25CCBA062B15EECF0063E4EE /* ApiCaller.swift in Sources */ = {isa = PBXBuildFile; fileRef = 25CCBA052B15EECF0063E4EE /* ApiCaller.swift */; };
		25CCBA082B15EF400063E4EE /* TrendingMovieModel.swift in Sources */ = {isa = PBXBuildFile; fileRef = 25CCBA072B15EF400063E4EE /* TrendingMovieModel.swift */; };
		25CCBA0B2B1604EA0063E4EE /* Observable.swift in Sources */ = {isa = PBXBuildFile; fileRef = 25CCBA0A2B1604EA0063E4EE /* Observable.swift */; };
/* End PBXBuildFile section */

/* Begin PBXContainerItemProxy section */
		25A39BFB2B15915300D1BD7B /* PBXContainerItemProxy */ = {
			isa = PBXContainerItemProxy;
			containerPortal = 25A39BDC2B15915000D1BD7B /* Project object */;
			proxyType = 1;
			remoteGlobalIDString = 25A39BE32B15915000D1BD7B;
			remoteInfo = "Trending Movies";
		};
		25A39C052B15915300D1BD7B /* PBXContainerItemProxy */ = {
			isa = PBXContainerItemProxy;
			containerPortal = 25A39BDC2B15915000D1BD7B /* Project object */;
			proxyType = 1;
			remoteGlobalIDString = 25A39BE32B15915000D1BD7B;
			remoteInfo = "Trending Movies";
		};
/* End PBXContainerItemProxy section */

/* Begin PBXFileReference section */
		253DEBD22B17702700481ED9 /* UIViewExtensions.swift */ = {isa = PBXFileReference; lastKnownFileType = sourcecode.swift; path = UIViewExtensions.swift; sourceTree = "<group>"; };
		253DEBD42B17751500481ED9 /* MovieTableCellViewModel.swift */ = {isa = PBXFileReference; lastKnownFileType = sourcecode.swift; path = MovieTableCellViewModel.swift; sourceTree = "<group>"; };
		255D942A2B15AA9100F8A082 /* MainViewModel.swift */ = {isa = PBXFileReference; lastKnownFileType = sourcecode.swift; path = MainViewModel.swift; sourceTree = "<group>"; };
		255D942C2B15AE1F00F8A082 /* Moviecell.swift */ = {isa = PBXFileReference; lastKnownFileType = sourcecode.swift; path = Moviecell.swift; sourceTree = "<group>"; };
		255D942D2B15AE1F00F8A082 /* Moviecell.xib */ = {isa = PBXFileReference; lastKnownFileType = file.xib; path = Moviecell.xib; sourceTree = "<group>"; };
		25A39BE42B15915000D1BD7B /* Trending Movies.app */ = {isa = PBXFileReference; explicitFileType = wrapper.application; includeInIndex = 0; path = "Trending Movies.app"; sourceTree = BUILT_PRODUCTS_DIR; };
		25A39BE72B15915000D1BD7B /* AppDelegate.swift */ = {isa = PBXFileReference; lastKnownFileType = sourcecode.swift; path = AppDelegate.swift; sourceTree = "<group>"; };
		25A39BF02B15915200D1BD7B /* Assets.xcassets */ = {isa = PBXFileReference; lastKnownFileType = folder.assetcatalog; path = Assets.xcassets; sourceTree = "<group>"; };
		25A39BF32B15915200D1BD7B /* Base */ = {isa = PBXFileReference; lastKnownFileType = file.storyboard; name = Base; path = Base.lproj/LaunchScreen.storyboard; sourceTree = "<group>"; };
		25A39BF52B15915200D1BD7B /* Info.plist */ = {isa = PBXFileReference; lastKnownFileType = text.plist.xml; path = Info.plist; sourceTree = "<group>"; };
		25A39BFA2B15915300D1BD7B /* Trending MoviesTests.xctest */ = {isa = PBXFileReference; explicitFileType = wrapper.cfbundle; includeInIndex = 0; path = "Trending MoviesTests.xctest"; sourceTree = BUILT_PRODUCTS_DIR; };
		25A39BFE2B15915300D1BD7B /* Trending_MoviesTests.swift */ = {isa = PBXFileReference; lastKnownFileType = sourcecode.swift; path = Trending_MoviesTests.swift; sourceTree = "<group>"; };
		25A39C042B15915300D1BD7B /* Trending MoviesUITests.xctest */ = {isa = PBXFileReference; explicitFileType = wrapper.cfbundle; includeInIndex = 0; path = "Trending MoviesUITests.xctest"; sourceTree = BUILT_PRODUCTS_DIR; };
		25A39C082B15915300D1BD7B /* Trending_MoviesUITests.swift */ = {isa = PBXFileReference; lastKnownFileType = sourcecode.swift; path = Trending_MoviesUITests.swift; sourceTree = "<group>"; };
		25A39C0A2B15915300D1BD7B /* Trending_MoviesUITestsLaunchTests.swift */ = {isa = PBXFileReference; lastKnownFileType = sourcecode.swift; path = Trending_MoviesUITestsLaunchTests.swift; sourceTree = "<group>"; };
		25A39C182B15950700D1BD7B /* MainViewController.swift */ = {isa = PBXFileReference; lastKnownFileType = sourcecode.swift; path = MainViewController.swift; sourceTree = "<group>"; };
		25A39C192B15950700D1BD7B /* MainViewController.xib */ = {isa = PBXFileReference; lastKnownFileType = file.xib; path = MainViewController.xib; sourceTree = "<group>"; };
		25CCBA032B15ECF10063E4EE /* NetworkConstants.swift */ = {isa = PBXFileReference; lastKnownFileType = sourcecode.swift; path = NetworkConstants.swift; sourceTree = "<group>"; };
		25CCBA052B15EECF0063E4EE /* ApiCaller.swift */ = {isa = PBXFileReference; lastKnownFileType = sourcecode.swift; path = ApiCaller.swift; sourceTree = "<group>"; };
		25CCBA072B15EF400063E4EE /* TrendingMovieModel.swift */ = {isa = PBXFileReference; fileEncoding = 4; lastKnownFileType = sourcecode.swift; path = TrendingMovieModel.swift; sourceTree = "<group>"; };
		25CCBA0A2B1604EA0063E4EE /* Observable.swift */ = {isa = PBXFileReference; lastKnownFileType = sourcecode.swift; path = Observable.swift; sourceTree = "<group>"; };
/* End PBXFileReference section */

/* Begin PBXFrameworksBuildPhase section */
		25A39BE12B15915000D1BD7B /* Frameworks */ = {
			isa = PBXFrameworksBuildPhase;
			buildActionMask = 2147483647;
			files = (
				253DEBD82B177CB900481ED9 /* SDWebImage in Frameworks */,
			);
			runOnlyForDeploymentPostprocessing = 0;
		};
		25A39BF72B15915300D1BD7B /* Frameworks */ = {
			isa = PBXFrameworksBuildPhase;
			buildActionMask = 2147483647;
			files = (
			);
			runOnlyForDeploymentPostprocessing = 0;
		};
		25A39C012B15915300D1BD7B /* Frameworks */ = {
			isa = PBXFrameworksBuildPhase;
			buildActionMask = 2147483647;
			files = (
			);
			runOnlyForDeploymentPostprocessing = 0;
		};
/* End PBXFrameworksBuildPhase section */

/* Begin PBXGroup section */
		255D94232B15A32D00F8A082 /* Model */ = {
			isa = PBXGroup;
			children = (
				25CCBA072B15EF400063E4EE /* TrendingMovieModel.swift */,
			);
			path = Model;
			sourceTree = "<group>";
		};
		255D94242B15A33500F8A082 /* View */ = {
			isa = PBXGroup;
			children = (
				25A39BF22B15915200D1BD7B /* LaunchScreen.storyboard */,
				255D942C2B15AE1F00F8A082 /* Moviecell.swift */,
				255D942D2B15AE1F00F8A082 /* Moviecell.xib */,
			);
			path = View;
			sourceTree = "<group>";
		};
		255D94252B15A33C00F8A082 /* ViewModel */ = {
			isa = PBXGroup;
			children = (
				255D942A2B15AA9100F8A082 /* MainViewModel.swift */,
				253DEBD42B17751500481ED9 /* MovieTableCellViewModel.swift */,
			);
			path = ViewModel;
			sourceTree = "<group>";
		};
		255D94262B15A35600F8A082 /* Resources */ = {
			isa = PBXGroup;
			children = (
				25A39BF02B15915200D1BD7B /* Assets.xcassets */,
			);
			path = Resources;
			sourceTree = "<group>";
		};
		255D94272B15A3F000F8A082 /* Extensions */ = {
			isa = PBXGroup;
			children = (
				253DEBD22B17702700481ED9 /* UIViewExtensions.swift */,
			);
			path = Extensions;
			sourceTree = "<group>";
		};
		255D94282B15A40400F8A082 /* Networking */ = {
			isa = PBXGroup;
			children = (
				25CCBA032B15ECF10063E4EE /* NetworkConstants.swift */,
				25CCBA052B15EECF0063E4EE /* ApiCaller.swift */,
			);
			path = Networking;
			sourceTree = "<group>";
		};
		255D94292B15A46A00F8A082 /* Controller */ = {
			isa = PBXGroup;
			children = (
				25A39C172B1594D600D1BD7B /* MainViewController */,
			);
			path = Controller;
			sourceTree = "<group>";
		};
		25A39BDB2B15915000D1BD7B = {
			isa = PBXGroup;
			children = (
				25A39BE62B15915000D1BD7B /* Trending Movies */,
				25A39BFD2B15915300D1BD7B /* Trending MoviesTests */,
				25A39C072B15915300D1BD7B /* Trending MoviesUITests */,
				25A39BE52B15915000D1BD7B /* Products */,
			);
			sourceTree = "<group>";
		};
		25A39BE52B15915000D1BD7B /* Products */ = {
			isa = PBXGroup;
			children = (
				25A39BE42B15915000D1BD7B /* Trending Movies.app */,
				25A39BFA2B15915300D1BD7B /* Trending MoviesTests.xctest */,
				25A39C042B15915300D1BD7B /* Trending MoviesUITests.xctest */,
			);
			name = Products;
			sourceTree = "<group>";
		};
		25A39BE62B15915000D1BD7B /* Trending Movies */ = {
			isa = PBXGroup;
			children = (
				25CCBA092B1604970063E4EE /* Helper */,
				255D94292B15A46A00F8A082 /* Controller */,
				255D94282B15A40400F8A082 /* Networking */,
				255D94272B15A3F000F8A082 /* Extensions */,
				255D94262B15A35600F8A082 /* Resources */,
				255D94252B15A33C00F8A082 /* ViewModel */,
				255D94242B15A33500F8A082 /* View */,
				255D94232B15A32D00F8A082 /* Model */,
				25A39BE72B15915000D1BD7B /* AppDelegate.swift */,
				25A39BF52B15915200D1BD7B /* Info.plist */,
			);
			path = "Trending Movies";
			sourceTree = "<group>";
		};
		25A39BFD2B15915300D1BD7B /* Trending MoviesTests */ = {
			isa = PBXGroup;
			children = (
				25A39BFE2B15915300D1BD7B /* Trending_MoviesTests.swift */,
			);
			path = "Trending MoviesTests";
			sourceTree = "<group>";
		};
		25A39C072B15915300D1BD7B /* Trending MoviesUITests */ = {
			isa = PBXGroup;
			children = (
				25A39C082B15915300D1BD7B /* Trending_MoviesUITests.swift */,
				25A39C0A2B15915300D1BD7B /* Trending_MoviesUITestsLaunchTests.swift */,
			);
			path = "Trending MoviesUITests";
			sourceTree = "<group>";
		};
		25A39C172B1594D600D1BD7B /* MainViewController */ = {
			isa = PBXGroup;
			children = (
				25A39C182B15950700D1BD7B /* MainViewController.swift */,
				25A39C192B15950700D1BD7B /* MainViewController.xib */,
			);
			path = MainViewController;
			sourceTree = "<group>";
		};
		25CCBA092B1604970063E4EE /* Helper */ = {
			isa = PBXGroup;
			children = (
				25CCBA0A2B1604EA0063E4EE /* Observable.swift */,
			);
			path = Helper;
			sourceTree = "<group>";
		};
/* End PBXGroup section */

/* Begin PBXNativeTarget section */
		25A39BE32B15915000D1BD7B /* Trending Movies */ = {
			isa = PBXNativeTarget;
			buildConfigurationList = 25A39C0E2B15915300D1BD7B /* Build configuration list for PBXNativeTarget "Trending Movies" */;
			buildPhases = (
				25A39BE02B15915000D1BD7B /* Sources */,
				25A39BE12B15915000D1BD7B /* Frameworks */,
				25A39BE22B15915000D1BD7B /* Resources */,
			);
			buildRules = (
			);
			dependencies = (
			);
			name = "Trending Movies";
			packageProductDependencies = (
				253DEBD72B177CB900481ED9 /* SDWebImage */,
			);
			productName = "Trending Movies";
			productReference = 25A39BE42B15915000D1BD7B /* Trending Movies.app */;
			productType = "com.apple.product-type.application";
		};
		25A39BF92B15915300D1BD7B /* Trending MoviesTests */ = {
			isa = PBXNativeTarget;
			buildConfigurationList = 25A39C112B15915300D1BD7B /* Build configuration list for PBXNativeTarget "Trending MoviesTests" */;
			buildPhases = (
				25A39BF62B15915300D1BD7B /* Sources */,
				25A39BF72B15915300D1BD7B /* Frameworks */,
				25A39BF82B15915300D1BD7B /* Resources */,
			);
			buildRules = (
			);
			dependencies = (
				25A39BFC2B15915300D1BD7B /* PBXTargetDependency */,
			);
			name = "Trending MoviesTests";
			productName = "Trending MoviesTests";
			productReference = 25A39BFA2B15915300D1BD7B /* Trending MoviesTests.xctest */;
			productType = "com.apple.product-type.bundle.unit-test";
		};
		25A39C032B15915300D1BD7B /* Trending MoviesUITests */ = {
			isa = PBXNativeTarget;
			buildConfigurationList = 25A39C142B15915300D1BD7B /* Build configuration list for PBXNativeTarget "Trending MoviesUITests" */;
			buildPhases = (
				25A39C002B15915300D1BD7B /* Sources */,
				25A39C012B15915300D1BD7B /* Frameworks */,
				25A39C022B15915300D1BD7B /* Resources */,
			);
			buildRules = (
			);
			dependencies = (
				25A39C062B15915300D1BD7B /* PBXTargetDependency */,
			);
			name = "Trending MoviesUITests";
			productName = "Trending MoviesUITests";
			productReference = 25A39C042B15915300D1BD7B /* Trending MoviesUITests.xctest */;
			productType = "com.apple.product-type.bundle.ui-testing";
		};
/* End PBXNativeTarget section */

/* Begin PBXProject section */
		25A39BDC2B15915000D1BD7B /* Project object */ = {
			isa = PBXProject;
			attributes = {
				BuildIndependentTargetsInParallel = 1;
				LastSwiftUpdateCheck = 1430;
				LastUpgradeCheck = 1430;
				TargetAttributes = {
					25A39BE32B15915000D1BD7B = {
						CreatedOnToolsVersion = 14.3;
					};
					25A39BF92B15915300D1BD7B = {
						CreatedOnToolsVersion = 14.3;
						TestTargetID = 25A39BE32B15915000D1BD7B;
					};
					25A39C032B15915300D1BD7B = {
						CreatedOnToolsVersion = 14.3;
						TestTargetID = 25A39BE32B15915000D1BD7B;
					};
				};
			};
			buildConfigurationList = 25A39BDF2B15915000D1BD7B /* Build configuration list for PBXProject "Trending Movies" */;
			compatibilityVersion = "Xcode 14.0";
			developmentRegion = en;
			hasScannedForEncodings = 0;
			knownRegions = (
				en,
				Base,
			);
			mainGroup = 25A39BDB2B15915000D1BD7B;
			packageReferences = (
				253DEBD62B177CB900481ED9 /* XCRemoteSwiftPackageReference "SDWebImage" */,
			);
			productRefGroup = 25A39BE52B15915000D1BD7B /* Products */;
			projectDirPath = "";
			projectRoot = "";
			targets = (
				25A39BE32B15915000D1BD7B /* Trending Movies */,
				25A39BF92B15915300D1BD7B /* Trending MoviesTests */,
				25A39C032B15915300D1BD7B /* Trending MoviesUITests */,
			);
		};
/* End PBXProject section */

/* Begin PBXResourcesBuildPhase section */
		25A39BE22B15915000D1BD7B /* Resources */ = {
			isa = PBXResourcesBuildPhase;
			buildActionMask = 2147483647;
			files = (
				25A39BF42B15915200D1BD7B /* LaunchScreen.storyboard in Resources */,
				25A39C1B2B15950700D1BD7B /* MainViewController.xib in Resources */,
				255D942F2B15AE1F00F8A082 /* Moviecell.xib in Resources */,
				25A39BF12B15915200D1BD7B /* Assets.xcassets in Resources */,
			);
			runOnlyForDeploymentPostprocessing = 0;
		};
		25A39BF82B15915300D1BD7B /* Resources */ = {
			isa = PBXResourcesBuildPhase;
			buildActionMask = 2147483647;
			files = (
			);
			runOnlyForDeploymentPostprocessing = 0;
		};
		25A39C022B15915300D1BD7B /* Resources */ = {
			isa = PBXResourcesBuildPhase;
			buildActionMask = 2147483647;
			files = (
			);
			runOnlyForDeploymentPostprocessing = 0;
		};
/* End PBXResourcesBuildPhase section */

/* Begin PBXSourcesBuildPhase section */
		25A39BE02B15915000D1BD7B /* Sources */ = {
			isa = PBXSourcesBuildPhase;
			buildActionMask = 2147483647;
			files = (
				25CCBA0B2B1604EA0063E4EE /* Observable.swift in Sources */,
				25A39BE82B15915000D1BD7B /* AppDelegate.swift in Sources */,
				25CCBA062B15EECF0063E4EE /* ApiCaller.swift in Sources */,
				25A39C1A2B15950700D1BD7B /* MainViewController.swift in Sources */,
				253DEBD52B17751500481ED9 /* MovieTableCellViewModel.swift in Sources */,
				25CCBA042B15ECF10063E4EE /* NetworkConstants.swift in Sources */,
				25CCBA082B15EF400063E4EE /* TrendingMovieModel.swift in Sources */,
				255D942E2B15AE1F00F8A082 /* Moviecell.swift in Sources */,
				253DEBD32B17702700481ED9 /* UIViewExtensions.swift in Sources */,
				255D942B2B15AA9100F8A082 /* MainViewModel.swift in Sources */,
			);
			runOnlyForDeploymentPostprocessing = 0;
		};
		25A39BF62B15915300D1BD7B /* Sources */ = {
			isa = PBXSourcesBuildPhase;
			buildActionMask = 2147483647;
			files = (
				25A39BFF2B15915300D1BD7B /* Trending_MoviesTests.swift in Sources */,
			);
			runOnlyForDeploymentPostprocessing = 0;
		};
		25A39C002B15915300D1BD7B /* Sources */ = {
			isa = PBXSourcesBuildPhase;
			buildActionMask = 2147483647;
			files = (
				25A39C0B2B15915300D1BD7B /* Trending_MoviesUITestsLaunchTests.swift in Sources */,
				25A39C092B15915300D1BD7B /* Trending_MoviesUITests.swift in Sources */,
			);
			runOnlyForDeploymentPostprocessing = 0;
		};
/* End PBXSourcesBuildPhase section */

/* Begin PBXTargetDependency section */
		25A39BFC2B15915300D1BD7B /* PBXTargetDependency */ = {
			isa = PBXTargetDependency;
			target = 25A39BE32B15915000D1BD7B /* Trending Movies */;
			targetProxy = 25A39BFB2B15915300D1BD7B /* PBXContainerItemProxy */;
		};
		25A39C062B15915300D1BD7B /* PBXTargetDependency */ = {
			isa = PBXTargetDependency;
			target = 25A39BE32B15915000D1BD7B /* Trending Movies */;
			targetProxy = 25A39C052B15915300D1BD7B /* PBXContainerItemProxy */;
		};
/* End PBXTargetDependency section */

/* Begin PBXVariantGroup section */
		25A39BF22B15915200D1BD7B /* LaunchScreen.storyboard */ = {
			isa = PBXVariantGroup;
			children = (
				25A39BF32B15915200D1BD7B /* Base */,
			);
			name = LaunchScreen.storyboard;
			sourceTree = "<group>";
		};
/* End PBXVariantGroup section */

/* Begin XCBuildConfiguration section */
		25A39C0C2B15915300D1BD7B /* Debug */ = {
			isa = XCBuildConfiguration;
			buildSettings = {
				ALWAYS_SEARCH_USER_PATHS = NO;
				CLANG_ANALYZER_NONNULL = YES;
				CLANG_ANALYZER_NUMBER_OBJECT_CONVERSION = YES_AGGRESSIVE;
				CLANG_CXX_LANGUAGE_STANDARD = "gnu++20";
				CLANG_ENABLE_MODULES = YES;
				CLANG_ENABLE_OBJC_ARC = YES;
				CLANG_ENABLE_OBJC_WEAK = YES;
				CLANG_WARN_BLOCK_CAPTURE_AUTORELEASING = YES;
				CLANG_WARN_BOOL_CONVERSION = YES;
				CLANG_WARN_COMMA = YES;
				CLANG_WARN_CONSTANT_CONVERSION = YES;
				CLANG_WARN_DEPRECATED_OBJC_IMPLEMENTATIONS = YES;
				CLANG_WARN_DIRECT_OBJC_ISA_USAGE = YES_ERROR;
				CLANG_WARN_DOCUMENTATION_COMMENTS = YES;
				CLANG_WARN_EMPTY_BODY = YES;
				CLANG_WARN_ENUM_CONVERSION = YES;
				CLANG_WARN_INFINITE_RECURSION = YES;
				CLANG_WARN_INT_CONVERSION = YES;
				CLANG_WARN_NON_LITERAL_NULL_CONVERSION = YES;
				CLANG_WARN_OBJC_IMPLICIT_RETAIN_SELF = YES;
				CLANG_WARN_OBJC_LITERAL_CONVERSION = YES;
				CLANG_WARN_OBJC_ROOT_CLASS = YES_ERROR;
				CLANG_WARN_QUOTED_INCLUDE_IN_FRAMEWORK_HEADER = YES;
				CLANG_WARN_RANGE_LOOP_ANALYSIS = YES;
				CLANG_WARN_STRICT_PROTOTYPES = YES;
				CLANG_WARN_SUSPICIOUS_MOVE = YES;
				CLANG_WARN_UNGUARDED_AVAILABILITY = YES_AGGRESSIVE;
				CLANG_WARN_UNREACHABLE_CODE = YES;
				CLANG_WARN__DUPLICATE_METHOD_MATCH = YES;
				COPY_PHASE_STRIP = NO;
				DEBUG_INFORMATION_FORMAT = dwarf;
				ENABLE_STRICT_OBJC_MSGSEND = YES;
				ENABLE_TESTABILITY = YES;
				GCC_C_LANGUAGE_STANDARD = gnu11;
				GCC_DYNAMIC_NO_PIC = NO;
				GCC_NO_COMMON_BLOCKS = YES;
				GCC_OPTIMIZATION_LEVEL = 0;
				GCC_PREPROCESSOR_DEFINITIONS = (
					"DEBUG=1",
					"$(inherited)",
				);
				GCC_WARN_64_TO_32_BIT_CONVERSION = YES;
				GCC_WARN_ABOUT_RETURN_TYPE = YES_ERROR;
				GCC_WARN_UNDECLARED_SELECTOR = YES;
				GCC_WARN_UNINITIALIZED_AUTOS = YES_AGGRESSIVE;
				GCC_WARN_UNUSED_FUNCTION = YES;
				GCC_WARN_UNUSED_VARIABLE = YES;
				IPHONEOS_DEPLOYMENT_TARGET = 16.4;
				MTL_ENABLE_DEBUG_INFO = INCLUDE_SOURCE;
				MTL_FAST_MATH = YES;
				ONLY_ACTIVE_ARCH = YES;
				SDKROOT = iphoneos;
				SWIFT_ACTIVE_COMPILATION_CONDITIONS = DEBUG;
				SWIFT_OPTIMIZATION_LEVEL = "-Onone";
			};
			name = Debug;
		};
		25A39C0D2B15915300D1BD7B /* Release */ = {
			isa = XCBuildConfiguration;
			buildSettings = {
				ALWAYS_SEARCH_USER_PATHS = NO;
				CLANG_ANALYZER_NONNULL = YES;
				CLANG_ANALYZER_NUMBER_OBJECT_CONVERSION = YES_AGGRESSIVE;
				CLANG_CXX_LANGUAGE_STANDARD = "gnu++20";
				CLANG_ENABLE_MODULES = YES;
				CLANG_ENABLE_OBJC_ARC = YES;
				CLANG_ENABLE_OBJC_WEAK = YES;
				CLANG_WARN_BLOCK_CAPTURE_AUTORELEASING = YES;
				CLANG_WARN_BOOL_CONVERSION = YES;
				CLANG_WARN_COMMA = YES;
				CLANG_WARN_CONSTANT_CONVERSION = YES;
				CLANG_WARN_DEPRECATED_OBJC_IMPLEMENTATIONS = YES;
				CLANG_WARN_DIRECT_OBJC_ISA_USAGE = YES_ERROR;
				CLANG_WARN_DOCUMENTATION_COMMENTS = YES;
				CLANG_WARN_EMPTY_BODY = YES;
				CLANG_WARN_ENUM_CONVERSION = YES;
				CLANG_WARN_INFINITE_RECURSION = YES;
				CLANG_WARN_INT_CONVERSION = YES;
				CLANG_WARN_NON_LITERAL_NULL_CONVERSION = YES;
				CLANG_WARN_OBJC_IMPLICIT_RETAIN_SELF = YES;
				CLANG_WARN_OBJC_LITERAL_CONVERSION = YES;
				CLANG_WARN_OBJC_ROOT_CLASS = YES_ERROR;
				CLANG_WARN_QUOTED_INCLUDE_IN_FRAMEWORK_HEADER = YES;
				CLANG_WARN_RANGE_LOOP_ANALYSIS = YES;
				CLANG_WARN_STRICT_PROTOTYPES = YES;
				CLANG_WARN_SUSPICIOUS_MOVE = YES;
				CLANG_WARN_UNGUARDED_AVAILABILITY = YES_AGGRESSIVE;
				CLANG_WARN_UNREACHABLE_CODE = YES;
				CLANG_WARN__DUPLICATE_METHOD_MATCH = YES;
				COPY_PHASE_STRIP = NO;
				DEBUG_INFORMATION_FORMAT = "dwarf-with-dsym";
				ENABLE_NS_ASSERTIONS = NO;
				ENABLE_STRICT_OBJC_MSGSEND = YES;
				GCC_C_LANGUAGE_STANDARD = gnu11;
				GCC_NO_COMMON_BLOCKS = YES;
				GCC_WARN_64_TO_32_BIT_CONVERSION = YES;
				GCC_WARN_ABOUT_RETURN_TYPE = YES_ERROR;
				GCC_WARN_UNDECLARED_SELECTOR = YES;
				GCC_WARN_UNINITIALIZED_AUTOS = YES_AGGRESSIVE;
				GCC_WARN_UNUSED_FUNCTION = YES;
				GCC_WARN_UNUSED_VARIABLE = YES;
				IPHONEOS_DEPLOYMENT_TARGET = 16.4;
				MTL_ENABLE_DEBUG_INFO = NO;
				MTL_FAST_MATH = YES;
				SDKROOT = iphoneos;
				SWIFT_COMPILATION_MODE = wholemodule;
				SWIFT_OPTIMIZATION_LEVEL = "-O";
				VALIDATE_PRODUCT = YES;
			};
			name = Release;
		};
		25A39C0F2B15915300D1BD7B /* Debug */ = {
			isa = XCBuildConfiguration;
			buildSettings = {
				ASSETCATALOG_COMPILER_APPICON_NAME = AppIcon;
				ASSETCATALOG_COMPILER_GLOBAL_ACCENT_COLOR_NAME = AccentColor;
				CODE_SIGN_STYLE = Automatic;
				CURRENT_PROJECT_VERSION = 1;
				GENERATE_INFOPLIST_FILE = YES;
				INFOPLIST_FILE = "Trending Movies/Info.plist";
				INFOPLIST_KEY_UIApplicationSupportsIndirectInputEvents = YES;
				INFOPLIST_KEY_UILaunchStoryboardName = LaunchScreen;
				INFOPLIST_KEY_UIStatusBarStyle = "";
				INFOPLIST_KEY_UISupportedInterfaceOrientations = UIInterfaceOrientationPortrait;
				LD_RUNPATH_SEARCH_PATHS = (
					"$(inherited)",
					"@executable_path/Frameworks",
				);
				MARKETING_VERSION = 1.0;
				PRODUCT_BUNDLE_IDENTIFIER = "elsawy.Trending-Movies";
				PRODUCT_NAME = "$(TARGET_NAME)";
				SUPPORTED_PLATFORMS = "iphoneos iphonesimulator";
				SUPPORTS_MACCATALYST = NO;
				SUPPORTS_MAC_DESIGNED_FOR_IPHONE_IPAD = NO;
				SWIFT_EMIT_LOC_STRINGS = YES;
				SWIFT_VERSION = 5.0;
				TARGETED_DEVICE_FAMILY = 1;
			};
			name = Debug;
		};
		25A39C102B15915300D1BD7B /* Release */ = {
			isa = XCBuildConfiguration;
			buildSettings = {
				ASSETCATALOG_COMPILER_APPICON_NAME = AppIcon;
				ASSETCATALOG_COMPILER_GLOBAL_ACCENT_COLOR_NAME = AccentColor;
				CODE_SIGN_STYLE = Automatic;
				CURRENT_PROJECT_VERSION = 1;
				GENERATE_INFOPLIST_FILE = YES;
				INFOPLIST_FILE = "Trending Movies/Info.plist";
				INFOPLIST_KEY_UIApplicationSupportsIndirectInputEvents = YES;
				INFOPLIST_KEY_UILaunchStoryboardName = LaunchScreen;
				INFOPLIST_KEY_UIStatusBarStyle = "";
				INFOPLIST_KEY_UISupportedInterfaceOrientations = UIInterfaceOrientationPortrait;
				LD_RUNPATH_SEARCH_PATHS = (
					"$(inherited)",
					"@executable_path/Frameworks",
				);
				MARKETING_VERSION = 1.0;
				PRODUCT_BUNDLE_IDENTIFIER = "elsawy.Trending-Movies";
				PRODUCT_NAME = "$(TARGET_NAME)";
				SUPPORTED_PLATFORMS = "iphoneos iphonesimulator";
				SUPPORTS_MACCATALYST = NO;
				SUPPORTS_MAC_DESIGNED_FOR_IPHONE_IPAD = NO;
				SWIFT_EMIT_LOC_STRINGS = YES;
				SWIFT_VERSION = 5.0;
				TARGETED_DEVICE_FAMILY = 1;
			};
			name = Release;
		};
		25A39C122B15915300D1BD7B /* Debug */ = {
			isa = XCBuildConfiguration;
			buildSettings = {
				ALWAYS_EMBED_SWIFT_STANDARD_LIBRARIES = YES;
				BUNDLE_LOADER = "$(TEST_HOST)";
				CODE_SIGN_STYLE = Automatic;
				CURRENT_PROJECT_VERSION = 1;
				GENERATE_INFOPLIST_FILE = YES;
				IPHONEOS_DEPLOYMENT_TARGET = 16.4;
				MARKETING_VERSION = 1.0;
				PRODUCT_BUNDLE_IDENTIFIER = "elsawy.Trending-MoviesTests";
				PRODUCT_NAME = "$(TARGET_NAME)";
				SWIFT_EMIT_LOC_STRINGS = NO;
				SWIFT_VERSION = 5.0;
				TARGETED_DEVICE_FAMILY = "1,2";
				TEST_HOST = "$(BUILT_PRODUCTS_DIR)/Trending Movies.app/$(BUNDLE_EXECUTABLE_FOLDER_PATH)/Trending Movies";
			};
			name = Debug;
		};
		25A39C132B15915300D1BD7B /* Release */ = {
			isa = XCBuildConfiguration;
			buildSettings = {
				ALWAYS_EMBED_SWIFT_STANDARD_LIBRARIES = YES;
				BUNDLE_LOADER = "$(TEST_HOST)";
				CODE_SIGN_STYLE = Automatic;
				CURRENT_PROJECT_VERSION = 1;
				GENERATE_INFOPLIST_FILE = YES;
				IPHONEOS_DEPLOYMENT_TARGET = 16.4;
				MARKETING_VERSION = 1.0;
				PRODUCT_BUNDLE_IDENTIFIER = "elsawy.Trending-MoviesTests";
				PRODUCT_NAME = "$(TARGET_NAME)";
				SWIFT_EMIT_LOC_STRINGS = NO;
				SWIFT_VERSION = 5.0;
				TARGETED_DEVICE_FAMILY = "1,2";
				TEST_HOST = "$(BUILT_PRODUCTS_DIR)/Trending Movies.app/$(BUNDLE_EXECUTABLE_FOLDER_PATH)/Trending Movies";
			};
			name = Release;
		};
		25A39C152B15915300D1BD7B /* Debug */ = {
			isa = XCBuildConfiguration;
			buildSettings = {
				ALWAYS_EMBED_SWIFT_STANDARD_LIBRARIES = YES;
				CODE_SIGN_STYLE = Automatic;
				CURRENT_PROJECT_VERSION = 1;
				GENERATE_INFOPLIST_FILE = YES;
				MARKETING_VERSION = 1.0;
				PRODUCT_BUNDLE_IDENTIFIER = "elsawy.Trending-MoviesUITests";
				PRODUCT_NAME = "$(TARGET_NAME)";
				SWIFT_EMIT_LOC_STRINGS = NO;
				SWIFT_VERSION = 5.0;
				TARGETED_DEVICE_FAMILY = "1,2";
				TEST_TARGET_NAME = "Trending Movies";
			};
			name = Debug;
		};
		25A39C162B15915300D1BD7B /* Release */ = {
			isa = XCBuildConfiguration;
			buildSettings = {
				ALWAYS_EMBED_SWIFT_STANDARD_LIBRARIES = YES;
				CODE_SIGN_STYLE = Automatic;
				CURRENT_PROJECT_VERSION = 1;
				GENERATE_INFOPLIST_FILE = YES;
				MARKETING_VERSION = 1.0;
				PRODUCT_BUNDLE_IDENTIFIER = "elsawy.Trending-MoviesUITests";
				PRODUCT_NAME = "$(TARGET_NAME)";
				SWIFT_EMIT_LOC_STRINGS = NO;
				SWIFT_VERSION = 5.0;
				TARGETED_DEVICE_FAMILY = "1,2";
				TEST_TARGET_NAME = "Trending Movies";
			};
			name = Release;
		};
/* End XCBuildConfiguration section */

/* Begin XCConfigurationList section */
		25A39BDF2B15915000D1BD7B /* Build configuration list for PBXProject "Trending Movies" */ = {
			isa = XCConfigurationList;
			buildConfigurations = (
				25A39C0C2B15915300D1BD7B /* Debug */,
				25A39C0D2B15915300D1BD7B /* Release */,
			);
			defaultConfigurationIsVisible = 0;
			defaultConfigurationName = Release;
		};
		25A39C0E2B15915300D1BD7B /* Build configuration list for PBXNativeTarget "Trending Movies" */ = {
			isa = XCConfigurationList;
			buildConfigurations = (
				25A39C0F2B15915300D1BD7B /* Debug */,
				25A39C102B15915300D1BD7B /* Release */,
			);
			defaultConfigurationIsVisible = 0;
			defaultConfigurationName = Release;
		};
		25A39C112B15915300D1BD7B /* Build configuration list for PBXNativeTarget "Trending MoviesTests" */ = {
			isa = XCConfigurationList;
			buildConfigurations = (
				25A39C122B15915300D1BD7B /* Debug */,
				25A39C132B15915300D1BD7B /* Release */,
			);
			defaultConfigurationIsVisible = 0;
			defaultConfigurationName = Release;
		};
		25A39C142B15915300D1BD7B /* Build configuration list for PBXNativeTarget "Trending MoviesUITests" */ = {
			isa = XCConfigurationList;
			buildConfigurations = (
				25A39C152B15915300D1BD7B /* Debug */,
				25A39C162B15915300D1BD7B /* Release */,
			);
			defaultConfigurationIsVisible = 0;
			defaultConfigurationName = Release;
		};
/* End XCConfigurationList section */

/* Begin XCRemoteSwiftPackageReference section */
		253DEBD62B177CB900481ED9 /* XCRemoteSwiftPackageReference "SDWebImage" */ = {
			isa = XCRemoteSwiftPackageReference;
			repositoryURL = "https://github.com/SDWebImage/SDWebImage";
			requirement = {
				kind = upToNextMajorVersion;
				minimumVersion = 5.0.0;
			};
		};
/* End XCRemoteSwiftPackageReference section */

/* Begin XCSwiftPackageProductDependency section */
		253DEBD72B177CB900481ED9 /* SDWebImage */ = {
			isa = XCSwiftPackageProductDependency;
			package = 253DEBD62B177CB900481ED9 /* XCRemoteSwiftPackageReference "SDWebImage" */;
			productName = SDWebImage;
		};
/* End XCSwiftPackageProductDependency section */
	};
	rootObject = 25A39BDC2B15915000D1BD7B /* Project object */;
}
